<?xml version="1.0" encoding="utf-8"?>
<Project ToolsVersion="4.0" xmlns="http://schemas.microsoft.com/developer/msbuild/2003">
  <ItemGroup>
    <ClCompile Include="D:\Files\git\mp2-lab1-set\samples\sample_prime_numbers.cpp">
      <Filter>Source Files</Filter>
    </ClCompile>
  </ItemGroup>
  <ItemGroup>
    <CustomBuild Include="D:\Files\git\mp2-lab1-set\samples\CMakeLists.txt" />
  </ItemGroup>
  <ItemGroup>
    <Filter Include="Source Files">
      <UniqueIdentifier>{9FD88943-ABA2-3885-AEC2-562FD613D312}</UniqueIdentifier>
    </Filter>
  </ItemGroup>
</Project>
