<?xml version="1.0" encoding="utf-8"?>
<Project ToolsVersion="4.0" xmlns="http://schemas.microsoft.com/developer/msbuild/2003">
  <ItemGroup>
    <CustomBuild Include="D:\Files\git\mp2-lab1-set\sln\vc12\CMakeFiles\9b8ce3db9b1c9adeff060f52a734b5f6\generate.stamp.rule">
      <Filter>CMake Rules</Filter>
    </CustomBuild>
  </ItemGroup>
  <ItemGroup>
    <Filter Include="CMake Rules">
      <UniqueIdentifier>{665A6D9A-36CF-3415-92D3-CA136BB28A74}</UniqueIdentifier>
    </Filter>
  </ItemGroup>
</Project>
